// !$*UTF8*$!
{
	archiveVersion = 1;
	classes = {
	};
	objectVersion = 50;
	objects = {

/* Begin PBXBuildFile section */
		327B32D524F4862700B7DCD1 /* AppDelegate.swift in Sources */ = {isa = PBXBuildFile; fileRef = 327B32D424F4862700B7DCD1 /* AppDelegate.swift */; };
		327B32D724F4862700B7DCD1 /* SceneDelegate.swift in Sources */ = {isa = PBXBuildFile; fileRef = 327B32D624F4862700B7DCD1 /* SceneDelegate.swift */; };
		327B32D924F4862700B7DCD1 /* MainTabBarController.swift in Sources */ = {isa = PBXBuildFile; fileRef = 327B32D824F4862700B7DCD1 /* MainTabBarController.swift */; };
		327B32DF24F4862700B7DCD1 /* Cottura.xcdatamodeld in Sources */ = {isa = PBXBuildFile; fileRef = 327B32DD24F4862700B7DCD1 /* Cottura.xcdatamodeld */; };
		327B32E124F4862800B7DCD1 /* Assets.xcassets in Resources */ = {isa = PBXBuildFile; fileRef = 327B32E024F4862800B7DCD1 /* Assets.xcassets */; };
		327B32E424F4862800B7DCD1 /* LaunchScreen.storyboard in Resources */ = {isa = PBXBuildFile; fileRef = 327B32E224F4862800B7DCD1 /* LaunchScreen.storyboard */; };
		327B32EF24F4862800B7DCD1 /* CotturaTests.swift in Sources */ = {isa = PBXBuildFile; fileRef = 327B32EE24F4862800B7DCD1 /* CotturaTests.swift */; };
		327B32FA24F4862800B7DCD1 /* CotturaUITests.swift in Sources */ = {isa = PBXBuildFile; fileRef = 327B32F924F4862800B7DCD1 /* CotturaUITests.swift */; };
		327B330D24F4873500B7DCD1 /* Persistence.swift in Sources */ = {isa = PBXBuildFile; fileRef = 327B330C24F4873500B7DCD1 /* Persistence.swift */; };
		327B330F24F4892500B7DCD1 /* menu-data.json in Resources */ = {isa = PBXBuildFile; fileRef = 327B330E24F4892500B7DCD1 /* menu-data.json */; };
		327B331224F489DE00B7DCD1 /* order-data.json in Resources */ = {isa = PBXBuildFile; fileRef = 327B331124F489DE00B7DCD1 /* order-data.json */; };
		327B331424F48A3D00B7DCD1 /* order-status-data.json in Resources */ = {isa = PBXBuildFile; fileRef = 327B331324F48A3D00B7DCD1 /* order-status-data.json */; };
		327B331724F48C4500B7DCD1 /* OrderListViewController.swift in Sources */ = {isa = PBXBuildFile; fileRef = 327B331624F48C4500B7DCD1 /* OrderListViewController.swift */; };
		327B331924F48C6600B7DCD1 /* MenuViewController.swift in Sources */ = {isa = PBXBuildFile; fileRef = 327B331824F48C6600B7DCD1 /* MenuViewController.swift */; };
/* End PBXBuildFile section */

/* Begin PBXContainerItemProxy section */
		327B32EB24F4862800B7DCD1 /* PBXContainerItemProxy */ = {
			isa = PBXContainerItemProxy;
			containerPortal = 327B32C924F4862700B7DCD1 /* Project object */;
			proxyType = 1;
			remoteGlobalIDString = 327B32D024F4862700B7DCD1;
			remoteInfo = Cottura;
		};
		327B32F624F4862800B7DCD1 /* PBXContainerItemProxy */ = {
			isa = PBXContainerItemProxy;
			containerPortal = 327B32C924F4862700B7DCD1 /* Project object */;
			proxyType = 1;
			remoteGlobalIDString = 327B32D024F4862700B7DCD1;
			remoteInfo = Cottura;
		};
/* End PBXContainerItemProxy section */

/* Begin PBXFileReference section */
		327B32D124F4862700B7DCD1 /* Cottura.app */ = {isa = PBXFileReference; explicitFileType = wrapper.application; includeInIndex = 0; path = Cottura.app; sourceTree = BUILT_PRODUCTS_DIR; };
		327B32D424F4862700B7DCD1 /* AppDelegate.swift */ = {isa = PBXFileReference; lastKnownFileType = sourcecode.swift; path = AppDelegate.swift; sourceTree = "<group>"; };
		327B32D624F4862700B7DCD1 /* SceneDelegate.swift */ = {isa = PBXFileReference; lastKnownFileType = sourcecode.swift; path = SceneDelegate.swift; sourceTree = "<group>"; };
		327B32D824F4862700B7DCD1 /* MainTabBarController.swift */ = {isa = PBXFileReference; lastKnownFileType = sourcecode.swift; path = MainTabBarController.swift; sourceTree = "<group>"; };
		327B32DE24F4862700B7DCD1 /* Cottura.xcdatamodel */ = {isa = PBXFileReference; lastKnownFileType = wrapper.xcdatamodel; path = Cottura.xcdatamodel; sourceTree = "<group>"; };
		327B32E024F4862800B7DCD1 /* Assets.xcassets */ = {isa = PBXFileReference; lastKnownFileType = folder.assetcatalog; path = Assets.xcassets; sourceTree = "<group>"; };
		327B32E324F4862800B7DCD1 /* Base */ = {isa = PBXFileReference; lastKnownFileType = file.storyboard; name = Base; path = Base.lproj/LaunchScreen.storyboard; sourceTree = "<group>"; };
		327B32E524F4862800B7DCD1 /* Info.plist */ = {isa = PBXFileReference; lastKnownFileType = text.plist.xml; path = Info.plist; sourceTree = "<group>"; };
		327B32EA24F4862800B7DCD1 /* CotturaTests.xctest */ = {isa = PBXFileReference; explicitFileType = wrapper.cfbundle; includeInIndex = 0; path = CotturaTests.xctest; sourceTree = BUILT_PRODUCTS_DIR; };
		327B32EE24F4862800B7DCD1 /* CotturaTests.swift */ = {isa = PBXFileReference; lastKnownFileType = sourcecode.swift; path = CotturaTests.swift; sourceTree = "<group>"; };
		327B32F024F4862800B7DCD1 /* Info.plist */ = {isa = PBXFileReference; lastKnownFileType = text.plist.xml; path = Info.plist; sourceTree = "<group>"; };
		327B32F524F4862800B7DCD1 /* CotturaUITests.xctest */ = {isa = PBXFileReference; explicitFileType = wrapper.cfbundle; includeInIndex = 0; path = CotturaUITests.xctest; sourceTree = BUILT_PRODUCTS_DIR; };
		327B32F924F4862800B7DCD1 /* CotturaUITests.swift */ = {isa = PBXFileReference; lastKnownFileType = sourcecode.swift; path = CotturaUITests.swift; sourceTree = "<group>"; };
		327B32FB24F4862800B7DCD1 /* Info.plist */ = {isa = PBXFileReference; lastKnownFileType = text.plist.xml; path = Info.plist; sourceTree = "<group>"; };
		327B330C24F4873500B7DCD1 /* Persistence.swift */ = {isa = PBXFileReference; lastKnownFileType = sourcecode.swift; path = Persistence.swift; sourceTree = "<group>"; };
		327B330E24F4892500B7DCD1 /* menu-data.json */ = {isa = PBXFileReference; lastKnownFileType = text.json; path = "menu-data.json"; sourceTree = "<group>"; };
		327B331124F489DE00B7DCD1 /* order-data.json */ = {isa = PBXFileReference; lastKnownFileType = text.json; path = "order-data.json"; sourceTree = "<group>"; };
		327B331324F48A3D00B7DCD1 /* order-status-data.json */ = {isa = PBXFileReference; lastKnownFileType = text.json; path = "order-status-data.json"; sourceTree = "<group>"; };
		327B331624F48C4500B7DCD1 /* OrderListViewController.swift */ = {isa = PBXFileReference; lastKnownFileType = sourcecode.swift; path = OrderListViewController.swift; sourceTree = "<group>"; };
		327B331824F48C6600B7DCD1 /* MenuViewController.swift */ = {isa = PBXFileReference; lastKnownFileType = sourcecode.swift; path = MenuViewController.swift; sourceTree = "<group>"; };
/* End PBXFileReference section */

/* Begin PBXFrameworksBuildPhase section */
		327B32CE24F4862700B7DCD1 /* Frameworks */ = {
			isa = PBXFrameworksBuildPhase;
			buildActionMask = 2147483647;
			files = (
			);
			runOnlyForDeploymentPostprocessing = 0;
		};
		327B32E724F4862800B7DCD1 /* Frameworks */ = {
			isa = PBXFrameworksBuildPhase;
			buildActionMask = 2147483647;
			files = (
			);
			runOnlyForDeploymentPostprocessing = 0;
		};
		327B32F224F4862800B7DCD1 /* Frameworks */ = {
			isa = PBXFrameworksBuildPhase;
			buildActionMask = 2147483647;
			files = (
			);
			runOnlyForDeploymentPostprocessing = 0;
		};
/* End PBXFrameworksBuildPhase section */

/* Begin PBXGroup section */
		327B32C824F4862700B7DCD1 = {
			isa = PBXGroup;
			children = (
				327B32D324F4862700B7DCD1 /* Cottura */,
				327B32ED24F4862800B7DCD1 /* CotturaTests */,
				327B32F824F4862800B7DCD1 /* CotturaUITests */,
				327B32D224F4862700B7DCD1 /* Products */,
			);
			sourceTree = "<group>";
		};
		327B32D224F4862700B7DCD1 /* Products */ = {
			isa = PBXGroup;
			children = (
				327B32D124F4862700B7DCD1 /* Cottura.app */,
				327B32EA24F4862800B7DCD1 /* CotturaTests.xctest */,
				327B32F524F4862800B7DCD1 /* CotturaUITests.xctest */,
			);
			name = Products;
			sourceTree = "<group>";
		};
		327B32D324F4862700B7DCD1 /* Cottura */ = {
			isa = PBXGroup;
			children = (
				327B330924F4865800B7DCD1 /* Persistence */,
				327B330824F4864700B7DCD1 /* Extensions */,
				327B330724F4864400B7DCD1 /* Modules */,
				327B32D424F4862700B7DCD1 /* AppDelegate.swift */,
				327B32D624F4862700B7DCD1 /* SceneDelegate.swift */,
				327B32E024F4862800B7DCD1 /* Assets.xcassets */,
				327B32E224F4862800B7DCD1 /* LaunchScreen.storyboard */,
				327B32E524F4862800B7DCD1 /* Info.plist */,
			);
			path = Cottura;
			sourceTree = "<group>";
		};
		327B32ED24F4862800B7DCD1 /* CotturaTests */ = {
			isa = PBXGroup;
			children = (
				327B32EE24F4862800B7DCD1 /* CotturaTests.swift */,
				327B32F024F4862800B7DCD1 /* Info.plist */,
			);
			path = CotturaTests;
			sourceTree = "<group>";
		};
		327B32F824F4862800B7DCD1 /* CotturaUITests */ = {
			isa = PBXGroup;
			children = (
				327B32F924F4862800B7DCD1 /* CotturaUITests.swift */,
				327B32FB24F4862800B7DCD1 /* Info.plist */,
			);
			path = CotturaUITests;
			sourceTree = "<group>";
		};
		327B330724F4864400B7DCD1 /* Modules */ = {
			isa = PBXGroup;
			children = (
				327B32D824F4862700B7DCD1 /* MainTabBarController.swift */,
				327B330B24F4867C00B7DCD1 /* Orders */,
				327B330A24F4866900B7DCD1 /* Menu */,
			);
			path = Modules;
			sourceTree = "<group>";
		};
		327B330824F4864700B7DCD1 /* Extensions */ = {
			isa = PBXGroup;
			children = (
			);
			path = Extensions;
			sourceTree = "<group>";
		};
		327B330924F4865800B7DCD1 /* Persistence */ = {
			isa = PBXGroup;
			children = (
				327B331524F48C1500B7DCD1 /* Classes */,
				327B331024F489C100B7DCD1 /* Data Files */,
				327B330C24F4873500B7DCD1 /* Persistence.swift */,
				327B32DD24F4862700B7DCD1 /* Cottura.xcdatamodeld */,
			);
			path = Persistence;
			sourceTree = "<group>";
		};
		327B330A24F4866900B7DCD1 /* Menu */ = {
			isa = PBXGroup;
			children = (
				327B331F24F48C8200B7DCD1 /* Views */,
				327B331E24F48C7F00B7DCD1 /* View Models */,
				327B331B24F48C6F00B7DCD1 /* View Controllers */,
			);
			path = Menu;
			sourceTree = "<group>";
		};
		327B330B24F4867C00B7DCD1 /* Orders */ = {
			isa = PBXGroup;
			children = (
				327B331D24F48C7C00B7DCD1 /* Views */,
				327B331C24F48C7700B7DCD1 /* View Models */,
				327B331A24F48C6800B7DCD1 /* View Controllers */,
			);
			path = Orders;
			sourceTree = "<group>";
		};
		327B331024F489C100B7DCD1 /* Data Files */ = {
			isa = PBXGroup;
			children = (
				327B330E24F4892500B7DCD1 /* menu-data.json */,
				327B331124F489DE00B7DCD1 /* order-data.json */,
				327B331324F48A3D00B7DCD1 /* order-status-data.json */,
			);
			path = "Data Files";
			sourceTree = "<group>";
		};
		327B331524F48C1500B7DCD1 /* Classes */ = {
			isa = PBXGroup;
			children = (
			);
			path = Classes;
			sourceTree = "<group>";
		};
		327B331A24F48C6800B7DCD1 /* View Controllers */ = {
			isa = PBXGroup;
			children = (
				327B331624F48C4500B7DCD1 /* OrderListViewController.swift */,
			);
			path = "View Controllers";
			sourceTree = "<group>";
		};
		327B331B24F48C6F00B7DCD1 /* View Controllers */ = {
			isa = PBXGroup;
			children = (
				327B331824F48C6600B7DCD1 /* MenuViewController.swift */,
			);
			path = "View Controllers";
			sourceTree = "<group>";
		};
		327B331C24F48C7700B7DCD1 /* View Models */ = {
			isa = PBXGroup;
			children = (
			);
			path = "View Models";
			sourceTree = "<group>";
		};
		327B331D24F48C7C00B7DCD1 /* Views */ = {
			isa = PBXGroup;
			children = (
			);
			path = Views;
			sourceTree = "<group>";
		};
		327B331E24F48C7F00B7DCD1 /* View Models */ = {
			isa = PBXGroup;
			children = (
			);
			path = "View Models";
			sourceTree = "<group>";
		};
		327B331F24F48C8200B7DCD1 /* Views */ = {
			isa = PBXGroup;
			children = (
			);
			path = Views;
			sourceTree = "<group>";
		};
/* End PBXGroup section */

/* Begin PBXNativeTarget section */
		327B32D024F4862700B7DCD1 /* Cottura */ = {
			isa = PBXNativeTarget;
			buildConfigurationList = 327B32FE24F4862800B7DCD1 /* Build configuration list for PBXNativeTarget "Cottura" */;
			buildPhases = (
				327B32CD24F4862700B7DCD1 /* Sources */,
				327B32CE24F4862700B7DCD1 /* Frameworks */,
				327B32CF24F4862700B7DCD1 /* Resources */,
			);
			buildRules = (
			);
			dependencies = (
			);
			name = Cottura;
			productName = Cottura;
			productReference = 327B32D124F4862700B7DCD1 /* Cottura.app */;
			productType = "com.apple.product-type.application";
		};
		327B32E924F4862800B7DCD1 /* CotturaTests */ = {
			isa = PBXNativeTarget;
			buildConfigurationList = 327B330124F4862800B7DCD1 /* Build configuration list for PBXNativeTarget "CotturaTests" */;
			buildPhases = (
				327B32E624F4862800B7DCD1 /* Sources */,
				327B32E724F4862800B7DCD1 /* Frameworks */,
				327B32E824F4862800B7DCD1 /* Resources */,
			);
			buildRules = (
			);
			dependencies = (
				327B32EC24F4862800B7DCD1 /* PBXTargetDependency */,
			);
			name = CotturaTests;
			productName = CotturaTests;
			productReference = 327B32EA24F4862800B7DCD1 /* CotturaTests.xctest */;
			productType = "com.apple.product-type.bundle.unit-test";
		};
		327B32F424F4862800B7DCD1 /* CotturaUITests */ = {
			isa = PBXNativeTarget;
			buildConfigurationList = 327B330424F4862800B7DCD1 /* Build configuration list for PBXNativeTarget "CotturaUITests" */;
			buildPhases = (
				327B32F124F4862800B7DCD1 /* Sources */,
				327B32F224F4862800B7DCD1 /* Frameworks */,
				327B32F324F4862800B7DCD1 /* Resources */,
			);
			buildRules = (
			);
			dependencies = (
				327B32F724F4862800B7DCD1 /* PBXTargetDependency */,
			);
			name = CotturaUITests;
			productName = CotturaUITests;
			productReference = 327B32F524F4862800B7DCD1 /* CotturaUITests.xctest */;
			productType = "com.apple.product-type.bundle.ui-testing";
		};
/* End PBXNativeTarget section */

/* Begin PBXProject section */
		327B32C924F4862700B7DCD1 /* Project object */ = {
			isa = PBXProject;
			attributes = {
				LastSwiftUpdateCheck = 1160;
				LastUpgradeCheck = 1160;
				ORGANIZATIONNAME = "Ignacio Paradisi";
				TargetAttributes = {
					327B32D024F4862700B7DCD1 = {
						CreatedOnToolsVersion = 11.6;
					};
					327B32E924F4862800B7DCD1 = {
						CreatedOnToolsVersion = 11.6;
						TestTargetID = 327B32D024F4862700B7DCD1;
					};
					327B32F424F4862800B7DCD1 = {
						CreatedOnToolsVersion = 11.6;
						TestTargetID = 327B32D024F4862700B7DCD1;
					};
				};
			};
			buildConfigurationList = 327B32CC24F4862700B7DCD1 /* Build configuration list for PBXProject "Cottura" */;
			compatibilityVersion = "Xcode 9.3";
			developmentRegion = en;
			hasScannedForEncodings = 0;
			knownRegions = (
				en,
				Base,
			);
			mainGroup = 327B32C824F4862700B7DCD1;
			productRefGroup = 327B32D224F4862700B7DCD1 /* Products */;
			projectDirPath = "";
			projectRoot = "";
			targets = (
				327B32D024F4862700B7DCD1 /* Cottura */,
				327B32E924F4862800B7DCD1 /* CotturaTests */,
				327B32F424F4862800B7DCD1 /* CotturaUITests */,
			);
		};
/* End PBXProject section */

/* Begin PBXResourcesBuildPhase section */
		327B32CF24F4862700B7DCD1 /* Resources */ = {
			isa = PBXResourcesBuildPhase;
			buildActionMask = 2147483647;
			files = (
				327B32E424F4862800B7DCD1 /* LaunchScreen.storyboard in Resources */,
				327B331424F48A3D00B7DCD1 /* order-status-data.json in Resources */,
				327B330F24F4892500B7DCD1 /* menu-data.json in Resources */,
				327B331224F489DE00B7DCD1 /* order-data.json in Resources */,
				327B32E124F4862800B7DCD1 /* Assets.xcassets in Resources */,
			);
			runOnlyForDeploymentPostprocessing = 0;
		};
		327B32E824F4862800B7DCD1 /* Resources */ = {
			isa = PBXResourcesBuildPhase;
			buildActionMask = 2147483647;
			files = (
			);
			runOnlyForDeploymentPostprocessing = 0;
		};
		327B32F324F4862800B7DCD1 /* Resources */ = {
			isa = PBXResourcesBuildPhase;
			buildActionMask = 2147483647;
			files = (
			);
			runOnlyForDeploymentPostprocessing = 0;
		};
/* End PBXResourcesBuildPhase section */

/* Begin PBXSourcesBuildPhase section */
		327B32CD24F4862700B7DCD1 /* Sources */ = {
			isa = PBXSourcesBuildPhase;
			buildActionMask = 2147483647;
			files = (
				327B32D924F4862700B7DCD1 /* MainTabBarController.swift in Sources */,
				327B331724F48C4500B7DCD1 /* OrderListViewController.swift in Sources */,
				327B32D524F4862700B7DCD1 /* AppDelegate.swift in Sources */,
				327B331924F48C6600B7DCD1 /* MenuViewController.swift in Sources */,
				327B32DF24F4862700B7DCD1 /* Cottura.xcdatamodeld in Sources */,
				327B32D724F4862700B7DCD1 /* SceneDelegate.swift in Sources */,
				327B330D24F4873500B7DCD1 /* Persistence.swift in Sources */,
			);
			runOnlyForDeploymentPostprocessing = 0;
		};
		327B32E624F4862800B7DCD1 /* Sources */ = {
			isa = PBXSourcesBuildPhase;
			buildActionMask = 2147483647;
			files = (
				327B32EF24F4862800B7DCD1 /* CotturaTests.swift in Sources */,
			);
			runOnlyForDeploymentPostprocessing = 0;
		};
		327B32F124F4862800B7DCD1 /* Sources */ = {
			isa = PBXSourcesBuildPhase;
			buildActionMask = 2147483647;
			files = (
				327B32FA24F4862800B7DCD1 /* CotturaUITests.swift in Sources */,
			);
			runOnlyForDeploymentPostprocessing = 0;
		};
/* End PBXSourcesBuildPhase section */

/* Begin PBXTargetDependency section */
		327B32EC24F4862800B7DCD1 /* PBXTargetDependency */ = {
			isa = PBXTargetDependency;
			target = 327B32D024F4862700B7DCD1 /* Cottura */;
			targetProxy = 327B32EB24F4862800B7DCD1 /* PBXContainerItemProxy */;
		};
		327B32F724F4862800B7DCD1 /* PBXTargetDependency */ = {
			isa = PBXTargetDependency;
			target = 327B32D024F4862700B7DCD1 /* Cottura */;
			targetProxy = 327B32F624F4862800B7DCD1 /* PBXContainerItemProxy */;
		};
/* End PBXTargetDependency section */

/* Begin PBXVariantGroup section */
		327B32E224F4862800B7DCD1 /* LaunchScreen.storyboard */ = {
			isa = PBXVariantGroup;
			children = (
				327B32E324F4862800B7DCD1 /* Base */,
			);
			name = LaunchScreen.storyboard;
			sourceTree = "<group>";
		};
/* End PBXVariantGroup section */

/* Begin XCBuildConfiguration section */
		327B32FC24F4862800B7DCD1 /* Debug */ = {
			isa = XCBuildConfiguration;
			buildSettings = {
				ALWAYS_SEARCH_USER_PATHS = NO;
				CLANG_ANALYZER_NONNULL = YES;
				CLANG_ANALYZER_NUMBER_OBJECT_CONVERSION = YES_AGGRESSIVE;
				CLANG_CXX_LANGUAGE_STANDARD = "gnu++14";
				CLANG_CXX_LIBRARY = "libc++";
				CLANG_ENABLE_MODULES = YES;
				CLANG_ENABLE_OBJC_ARC = YES;
				CLANG_ENABLE_OBJC_WEAK = YES;
				CLANG_WARN_BLOCK_CAPTURE_AUTORELEASING = YES;
				CLANG_WARN_BOOL_CONVERSION = YES;
				CLANG_WARN_COMMA = YES;
				CLANG_WARN_CONSTANT_CONVERSION = YES;
				CLANG_WARN_DEPRECATED_OBJC_IMPLEMENTATIONS = YES;
				CLANG_WARN_DIRECT_OBJC_ISA_USAGE = YES_ERROR;
				CLANG_WARN_DOCUMENTATION_COMMENTS = YES;
				CLANG_WARN_EMPTY_BODY = YES;
				CLANG_WARN_ENUM_CONVERSION = YES;
				CLANG_WARN_INFINITE_RECURSION = YES;
				CLANG_WARN_INT_CONVERSION = YES;
				CLANG_WARN_NON_LITERAL_NULL_CONVERSION = YES;
				CLANG_WARN_OBJC_IMPLICIT_RETAIN_SELF = YES;
				CLANG_WARN_OBJC_LITERAL_CONVERSION = YES;
				CLANG_WARN_OBJC_ROOT_CLASS = YES_ERROR;
				CLANG_WARN_RANGE_LOOP_ANALYSIS = YES;
				CLANG_WARN_STRICT_PROTOTYPES = YES;
				CLANG_WARN_SUSPICIOUS_MOVE = YES;
				CLANG_WARN_UNGUARDED_AVAILABILITY = YES_AGGRESSIVE;
				CLANG_WARN_UNREACHABLE_CODE = YES;
				CLANG_WARN__DUPLICATE_METHOD_MATCH = YES;
				COPY_PHASE_STRIP = NO;
				DEBUG_INFORMATION_FORMAT = dwarf;
				ENABLE_STRICT_OBJC_MSGSEND = YES;
				ENABLE_TESTABILITY = YES;
				GCC_C_LANGUAGE_STANDARD = gnu11;
				GCC_DYNAMIC_NO_PIC = NO;
				GCC_NO_COMMON_BLOCKS = YES;
				GCC_OPTIMIZATION_LEVEL = 0;
				GCC_PREPROCESSOR_DEFINITIONS = (
					"DEBUG=1",
					"$(inherited)",
				);
				GCC_WARN_64_TO_32_BIT_CONVERSION = YES;
				GCC_WARN_ABOUT_RETURN_TYPE = YES_ERROR;
				GCC_WARN_UNDECLARED_SELECTOR = YES;
				GCC_WARN_UNINITIALIZED_AUTOS = YES_AGGRESSIVE;
				GCC_WARN_UNUSED_FUNCTION = YES;
				GCC_WARN_UNUSED_VARIABLE = YES;
				IPHONEOS_DEPLOYMENT_TARGET = 13.0;
				MTL_ENABLE_DEBUG_INFO = INCLUDE_SOURCE;
				MTL_FAST_MATH = YES;
				ONLY_ACTIVE_ARCH = YES;
				SDKROOT = iphoneos;
				SWIFT_ACTIVE_COMPILATION_CONDITIONS = DEBUG;
				SWIFT_OPTIMIZATION_LEVEL = "-Onone";
			};
			name = Debug;
		};
		327B32FD24F4862800B7DCD1 /* Release */ = {
			isa = XCBuildConfiguration;
			buildSettings = {
				ALWAYS_SEARCH_USER_PATHS = NO;
				CLANG_ANALYZER_NONNULL = YES;
				CLANG_ANALYZER_NUMBER_OBJECT_CONVERSION = YES_AGGRESSIVE;
				CLANG_CXX_LANGUAGE_STANDARD = "gnu++14";
				CLANG_CXX_LIBRARY = "libc++";
				CLANG_ENABLE_MODULES = YES;
				CLANG_ENABLE_OBJC_ARC = YES;
				CLANG_ENABLE_OBJC_WEAK = YES;
				CLANG_WARN_BLOCK_CAPTURE_AUTORELEASING = YES;
				CLANG_WARN_BOOL_CONVERSION = YES;
				CLANG_WARN_COMMA = YES;
				CLANG_WARN_CONSTANT_CONVERSION = YES;
				CLANG_WARN_DEPRECATED_OBJC_IMPLEMENTATIONS = YES;
				CLANG_WARN_DIRECT_OBJC_ISA_USAGE = YES_ERROR;
				CLANG_WARN_DOCUMENTATION_COMMENTS = YES;
				CLANG_WARN_EMPTY_BODY = YES;
				CLANG_WARN_ENUM_CONVERSION = YES;
				CLANG_WARN_INFINITE_RECURSION = YES;
				CLANG_WARN_INT_CONVERSION = YES;
				CLANG_WARN_NON_LITERAL_NULL_CONVERSION = YES;
				CLANG_WARN_OBJC_IMPLICIT_RETAIN_SELF = YES;
				CLANG_WARN_OBJC_LITERAL_CONVERSION = YES;
				CLANG_WARN_OBJC_ROOT_CLASS = YES_ERROR;
				CLANG_WARN_RANGE_LOOP_ANALYSIS = YES;
				CLANG_WARN_STRICT_PROTOTYPES = YES;
				CLANG_WARN_SUSPICIOUS_MOVE = YES;
				CLANG_WARN_UNGUARDED_AVAILABILITY = YES_AGGRESSIVE;
				CLANG_WARN_UNREACHABLE_CODE = YES;
				CLANG_WARN__DUPLICATE_METHOD_MATCH = YES;
				COPY_PHASE_STRIP = NO;
				DEBUG_INFORMATION_FORMAT = "dwarf-with-dsym";
				ENABLE_NS_ASSERTIONS = NO;
				ENABLE_STRICT_OBJC_MSGSEND = YES;
				GCC_C_LANGUAGE_STANDARD = gnu11;
				GCC_NO_COMMON_BLOCKS = YES;
				GCC_WARN_64_TO_32_BIT_CONVERSION = YES;
				GCC_WARN_ABOUT_RETURN_TYPE = YES_ERROR;
				GCC_WARN_UNDECLARED_SELECTOR = YES;
				GCC_WARN_UNINITIALIZED_AUTOS = YES_AGGRESSIVE;
				GCC_WARN_UNUSED_FUNCTION = YES;
				GCC_WARN_UNUSED_VARIABLE = YES;
				IPHONEOS_DEPLOYMENT_TARGET = 13.0;
				MTL_ENABLE_DEBUG_INFO = NO;
				MTL_FAST_MATH = YES;
				SDKROOT = iphoneos;
				SWIFT_COMPILATION_MODE = wholemodule;
				SWIFT_OPTIMIZATION_LEVEL = "-O";
				VALIDATE_PRODUCT = YES;
			};
			name = Release;
		};
		327B32FF24F4862800B7DCD1 /* Debug */ = {
			isa = XCBuildConfiguration;
			buildSettings = {
				ASSETCATALOG_COMPILER_APPICON_NAME = AppIcon;
				CODE_SIGN_STYLE = Automatic;
				DEVELOPMENT_TEAM = 8T85WESY64;
				INFOPLIST_FILE = Cottura/Info.plist;
				IPHONEOS_DEPLOYMENT_TARGET = 13.0;
				LD_RUNPATH_SEARCH_PATHS = (
					"$(inherited)",
					"@executable_path/Frameworks",
				);
				PRODUCT_BUNDLE_IDENTIFIER = com.ignacioparadisi.Cottura;
				PRODUCT_NAME = "$(TARGET_NAME)";
				SWIFT_VERSION = 5.0;
				TARGETED_DEVICE_FAMILY = 1;
			};
			name = Debug;
		};
		327B330024F4862800B7DCD1 /* Release */ = {
			isa = XCBuildConfiguration;
			buildSettings = {
				ASSETCATALOG_COMPILER_APPICON_NAME = AppIcon;
				CODE_SIGN_STYLE = Automatic;
				DEVELOPMENT_TEAM = 8T85WESY64;
				INFOPLIST_FILE = Cottura/Info.plist;
				IPHONEOS_DEPLOYMENT_TARGET = 13.0;
				LD_RUNPATH_SEARCH_PATHS = (
					"$(inherited)",
					"@executable_path/Frameworks",
				);
				PRODUCT_BUNDLE_IDENTIFIER = com.ignacioparadisi.Cottura;
				PRODUCT_NAME = "$(TARGET_NAME)";
				SWIFT_VERSION = 5.0;
				TARGETED_DEVICE_FAMILY = 1;
			};
			name = Release;
		};
		327B330224F4862800B7DCD1 /* Debug */ = {
			isa = XCBuildConfiguration;
			buildSettings = {
				ALWAYS_EMBED_SWIFT_STANDARD_LIBRARIES = YES;
				BUNDLE_LOADER = "$(TEST_HOST)";
				CODE_SIGN_STYLE = Automatic;
				DEVELOPMENT_TEAM = 8T85WESY64;
				INFOPLIST_FILE = CotturaTests/Info.plist;
				IPHONEOS_DEPLOYMENT_TARGET = 13.6;
				LD_RUNPATH_SEARCH_PATHS = (
					"$(inherited)",
					"@executable_path/Frameworks",
					"@loader_path/Frameworks",
				);
				PRODUCT_BUNDLE_IDENTIFIER = com.ignacioparadisi.CotturaTests;
				PRODUCT_NAME = "$(TARGET_NAME)";
				SWIFT_VERSION = 5.0;
				TARGETED_DEVICE_FAMILY = "1,2";
				TEST_HOST = "$(BUILT_PRODUCTS_DIR)/Cottura.app/Cottura";
			};
			name = Debug;
		};
		327B330324F4862800B7DCD1 /* Release */ = {
			isa = XCBuildConfiguration;
			buildSettings = {
				ALWAYS_EMBED_SWIFT_STANDARD_LIBRARIES = YES;
				BUNDLE_LOADER = "$(TEST_HOST)";
				CODE_SIGN_STYLE = Automatic;
				DEVELOPMENT_TEAM = 8T85WESY64;
				INFOPLIST_FILE = CotturaTests/Info.plist;
				IPHONEOS_DEPLOYMENT_TARGET = 13.6;
				LD_RUNPATH_SEARCH_PATHS = (
					"$(inherited)",
					"@executable_path/Frameworks",
					"@loader_path/Frameworks",
				);
				PRODUCT_BUNDLE_IDENTIFIER = com.ignacioparadisi.CotturaTests;
				PRODUCT_NAME = "$(TARGET_NAME)";
				SWIFT_VERSION = 5.0;
				TARGETED_DEVICE_FAMILY = "1,2";
				TEST_HOST = "$(BUILT_PRODUCTS_DIR)/Cottura.app/Cottura";
			};
			name = Release;
		};
		327B330524F4862800B7DCD1 /* Debug */ = {
			isa = XCBuildConfiguration;
			buildSettings = {
				ALWAYS_EMBED_SWIFT_STANDARD_LIBRARIES = YES;
				CODE_SIGN_STYLE = Automatic;
				DEVELOPMENT_TEAM = 8T85WESY64;
				INFOPLIST_FILE = CotturaUITests/Info.plist;
				LD_RUNPATH_SEARCH_PATHS = (
					"$(inherited)",
					"@executable_path/Frameworks",
					"@loader_path/Frameworks",
				);
				PRODUCT_BUNDLE_IDENTIFIER = com.ignacioparadisi.CotturaUITests;
				PRODUCT_NAME = "$(TARGET_NAME)";
				SWIFT_VERSION = 5.0;
				TARGETED_DEVICE_FAMILY = "1,2";
				TEST_TARGET_NAME = Cottura;
			};
			name = Debug;
		};
		327B330624F4862800B7DCD1 /* Release */ = {
			isa = XCBuildConfiguration;
			buildSettings = {
				ALWAYS_EMBED_SWIFT_STANDARD_LIBRARIES = YES;
				CODE_SIGN_STYLE = Automatic;
				DEVELOPMENT_TEAM = 8T85WESY64;
				INFOPLIST_FILE = CotturaUITests/Info.plist;
				LD_RUNPATH_SEARCH_PATHS = (
					"$(inherited)",
					"@executable_path/Frameworks",
					"@loader_path/Frameworks",
				);
				PRODUCT_BUNDLE_IDENTIFIER = com.ignacioparadisi.CotturaUITests;
				PRODUCT_NAME = "$(TARGET_NAME)";
				SWIFT_VERSION = 5.0;
				TARGETED_DEVICE_FAMILY = "1,2";
				TEST_TARGET_NAME = Cottura;
			};
			name = Release;
		};
/* End XCBuildConfiguration section */

/* Begin XCConfigurationList section */
		327B32CC24F4862700B7DCD1 /* Build configuration list for PBXProject "Cottura" */ = {
			isa = XCConfigurationList;
			buildConfigurations = (
				327B32FC24F4862800B7DCD1 /* Debug */,
				327B32FD24F4862800B7DCD1 /* Release */,
			);
			defaultConfigurationIsVisible = 0;
			defaultConfigurationName = Release;
		};
		327B32FE24F4862800B7DCD1 /* Build configuration list for PBXNativeTarget "Cottura" */ = {
			isa = XCConfigurationList;
			buildConfigurations = (
				327B32FF24F4862800B7DCD1 /* Debug */,
				327B330024F4862800B7DCD1 /* Release */,
			);
			defaultConfigurationIsVisible = 0;
			defaultConfigurationName = Release;
		};
		327B330124F4862800B7DCD1 /* Build configuration list for PBXNativeTarget "CotturaTests" */ = {
			isa = XCConfigurationList;
			buildConfigurations = (
				327B330224F4862800B7DCD1 /* Debug */,
				327B330324F4862800B7DCD1 /* Release */,
			);
			defaultConfigurationIsVisible = 0;
			defaultConfigurationName = Release;
		};
		327B330424F4862800B7DCD1 /* Build configuration list for PBXNativeTarget "CotturaUITests" */ = {
			isa = XCConfigurationList;
			buildConfigurations = (
				327B330524F4862800B7DCD1 /* Debug */,
				327B330624F4862800B7DCD1 /* Release */,
			);
			defaultConfigurationIsVisible = 0;
			defaultConfigurationName = Release;
		};
/* End XCConfigurationList section */

/* Begin XCVersionGroup section */
		327B32DD24F4862700B7DCD1 /* Cottura.xcdatamodeld */ = {
			isa = XCVersionGroup;
			children = (
				327B32DE24F4862700B7DCD1 /* Cottura.xcdatamodel */,
			);
			currentVersion = 327B32DE24F4862700B7DCD1 /* Cottura.xcdatamodel */;
			path = Cottura.xcdatamodeld;
			sourceTree = "<group>";
			versionGroupType = wrapper.xcdatamodel;
		};
/* End XCVersionGroup section */
	};
	rootObject = 327B32C924F4862700B7DCD1 /* Project object */;
}
